
Microsoft Visual Studio Solution File, Format Version 12.00
# Visual Studio Version 16
VisualStudioVersion = 16.0.31205.134
MinimumVisualStudioVersion = 10.0.40219.1
Project("{FAE04EC0-301F-11D3-BF4B-00C04F79EFBC}") = "Todo.Server", "Todo.Server\Todo.Server.csproj", "{DA8FFC8F-F079-4218-8BB7-01FC53BEE36B}"
EndProject
Global
	GlobalSection(SolutionConfigurationPlatforms) = preSolution
		Debug|Any CPU = Debug|Any CPU
		Release|Any CPU = Release|Any CPU
	EndGlobalSection
	GlobalSection(ProjectConfigurationPlatforms) = postSolution
		{DA8FFC8F-F079-4218-8BB7-01FC53BEE36B}.Debug|Any CPU.ActiveCfg = Debug|Any CPU
		{DA8FFC8F-F079-4218-8BB7-01FC53BEE36B}.Debug|Any CPU.Build.0 = Debug|Any CPU
		{DA8FFC8F-F079-4218-8BB7-01FC53BEE36B}.Release|Any CPU.ActiveCfg = Release|Any CPU
		{DA8FFC8F-F079-4218-8BB7-01FC53BEE36B}.Release|Any CPU.Build.0 = Release|Any CPU
	EndGlobalSection
	GlobalSection(SolutionProperties) = preSolution
		HideSolutionNode = FALSE
	EndGlobalSection
	GlobalSection(ExtensibilityGlobals) = postSolution
		SolutionGuid = {F0063B80-040A-4BAA-B872-FE9AD39D1686}
	EndGlobalSection
EndGlobal
